
Microsoft Visual Studio Solution File, Format Version 12.00
Project("{FAE04EC0-301F-11D3-BF4B-00C04F79EFBC}") = "Consumer", "Consumer\Consumer.csproj", "{F51CBEAA-F23D-465B-AE27-BBE3B4EAF3AA}"
EndProject
Project("{FAE04EC0-301F-11D3-BF4B-00C04F79EFBC}") = "Sender", "Sender\Sender.csproj", "{DF22E915-3CF6-4DFD-AA09-0B68351FBD66}"
EndProject
Global
	GlobalSection(SolutionConfigurationPlatforms) = preSolution
		Debug|Any CPU = Debug|Any CPU
		Release|Any CPU = Release|Any CPU
	EndGlobalSection
	GlobalSection(ProjectConfigurationPlatforms) = postSolution
		{F51CBEAA-F23D-465B-AE27-BBE3B4EAF3AA}.Debug|Any CPU.ActiveCfg = Debug|Any CPU
		{F51CBEAA-F23D-465B-AE27-BBE3B4EAF3AA}.Debug|Any CPU.Build.0 = Debug|Any CPU
		{F51CBEAA-F23D-465B-AE27-BBE3B4EAF3AA}.Release|Any CPU.ActiveCfg = Release|Any CPU
		{F51CBEAA-F23D-465B-AE27-BBE3B4EAF3AA}.Release|Any CPU.Build.0 = Release|Any CPU
		{DF22E915-3CF6-4DFD-AA09-0B68351FBD66}.Debug|Any CPU.ActiveCfg = Debug|Any CPU
		{DF22E915-3CF6-4DFD-AA09-0B68351FBD66}.Debug|Any CPU.Build.0 = Debug|Any CPU
		{DF22E915-3CF6-4DFD-AA09-0B68351FBD66}.Release|Any CPU.ActiveCfg = Release|Any CPU
		{DF22E915-3CF6-4DFD-AA09-0B68351FBD66}.Release|Any CPU.Build.0 = Release|Any CPU
	EndGlobalSection
EndGlobal
